{
  "nodes": {
    "nixpkgs": {
      "locked": {
        "lastModified": 1757590060,
        "narHash": "sha256-EWwwdKLMZALkgHFyKW7rmyhxECO74+N+ZO5xTDnY/5c=",
        "owner": "NixOS",
        "repo": "nixpkgs",
        "rev": "0ef228213045d2cdb5a169a95d63ded38670b293",
        "type": "github"
      },
      "original": {
        "owner": "NixOS",
        "repo": "nixpkgs",
        "rev": "0ef228213045d2cdb5a169a95d63ded38670b293",
        "type": "github"
      }
    },
    "root": {
      "inputs": {
        "nixpkgs": "nixpkgs",
        "zerokit": "zerokit"
      }
    },
    "rust-overlay": {
      "inputs": {
        "nixpkgs": [
          "zerokit",
          "nixpkgs"
        ]
      },
      "locked": {
        "lastModified": 1748399823,
        "narHash": "sha256-kahD8D5hOXOsGbNdoLLnqCL887cjHkx98Izc37nDjlA=",
        "owner": "oxalica",
        "repo": "rust-overlay",
        "rev": "d68a69dc71bc19beb3479800392112c2f6218159",
        "type": "github"
      },
      "original": {
        "owner": "oxalica",
        "repo": "rust-overlay",
        "type": "github"
      }
    },
    "zerokit": {
      "inputs": {
        "nixpkgs": [
          "nixpkgs"
        ],
        "rust-overlay": "rust-overlay"
      },
      "locked": {
        "lastModified": 1759952971,
        "narHash": "sha256-AqLJ4eQ6ASb/rBjkm9wvS1DtN6i6XKIyGDrAjuRXmGM=",
        "owner": "vacp2p",
        "repo": "zerokit",
        "rev": "818079b8b05d72e1dd03f314522e41a890d0dead",
        "type": "github"
      },
      "original": {
        "owner": "vacp2p",
        "repo": "zerokit",
        "rev": "818079b8b05d72e1dd03f314522e41a890d0dead",
        "type": "github"
      }
    }
  },
  "root": "root",
  "version": 7
}
