{
  "nodes": {
    "nixpkgs": {
      "locked": {
        "lastModified": 1735563628,
        "narHash": "sha256-OnSAY7XDSx7CtDoqNh8jwVwh4xNL/2HaJxGjryLWzX8=",
        "owner": "NixOS",
        "repo": "nixpkgs",
        "rev": "b134951a4c9f3c995fd7be05f3243f8ecd65d798",
        "type": "github"
      },
      "original": {
        "owner": "NixOS",
        "ref": "nixos-24.05",
        "repo": "nixpkgs",
        "type": "github"
      }
    },
    "root": {
      "inputs": {
        "nixpkgs": "nixpkgs",
        "zerokit": "zerokit"
      }
    },
    "zerokit": {
      "inputs": {
        "nixpkgs": [
          "nixpkgs"
        ]
      },
      "locked": {
        "lastModified": 1738925277,
        "narHash": "sha256-iDD6jnzrWQJOrhJ3T8RG9FLMq85ybeNiT0qqm60mQ/4=",
        "owner": "vacp2p",
        "repo": "zerokit",
        "rev": "4479810968b88d0ef92717524adf5edd23df1869",
        "type": "github"
      },
      "original": {
        "owner": "vacp2p",
        "repo": "zerokit",
        "rev": "4479810968b88d0ef92717524adf5edd23df1869",
        "type": "github"
      }
    }
  },
  "root": "root",
  "version": 7
}
