{
  "nodes": {
    "nixpkgs": {
      "locked": {
        "lastModified": 1740603184,
        "narHash": "sha256-t+VaahjQAWyA+Ctn2idyo1yxRIYpaDxMgHkgCNiMJa4=",
        "owner": "NixOS",
        "repo": "nixpkgs",
        "rev": "f44bd8ca21e026135061a0a57dcf3d0775b67a49",
        "type": "github"
      },
      "original": {
        "owner": "NixOS",
        "repo": "nixpkgs",
        "rev": "f44bd8ca21e026135061a0a57dcf3d0775b67a49",
        "type": "github"
      }
    },
    "root": {
      "inputs": {
        "nixpkgs": "nixpkgs",
        "zerokit": "zerokit"
      }
    },
    "rust-overlay": {
      "inputs": {
        "nixpkgs": [
          "zerokit",
          "nixpkgs"
        ]
      },
      "locked": {
        "lastModified": 1748399823,
        "narHash": "sha256-kahD8D5hOXOsGbNdoLLnqCL887cjHkx98Izc37nDjlA=",
        "owner": "oxalica",
        "repo": "rust-overlay",
        "rev": "d68a69dc71bc19beb3479800392112c2f6218159",
        "type": "github"
      },
      "original": {
        "owner": "oxalica",
        "repo": "rust-overlay",
        "type": "github"
      }
    },
    "zerokit": {
      "inputs": {
        "nixpkgs": [
          "nixpkgs"
        ],
        "rust-overlay": "rust-overlay"
      },
      "locked": {
        "lastModified": 1749115386,
        "narHash": "sha256-UexIE2D7zr6aRajwnKongXwCZCeRZDXOL0kfjhqUFSU=",
        "owner": "vacp2p",
        "repo": "zerokit",
        "rev": "dc0b31752c91e7b4fefc441cfa6a8210ad7dba7b",
        "type": "github"
      },
      "original": {
        "owner": "vacp2p",
        "repo": "zerokit",
        "rev": "dc0b31752c91e7b4fefc441cfa6a8210ad7dba7b",
        "type": "github"
      }
    }
  },
  "root": "root",
  "version": 7
}
